
Microsoft Visual Studio Solution File, Format Version 12.00
# Visual Studio Version 16
VisualStudioVersion = 16.0.31911.196
MinimumVisualStudioVersion = 10.0.40219.1
Project("{9A19103F-16F7-4668-BE54-9A1E7A4F7556}") = "StmStart", "StmStart\StmStart.csproj", "{CD9E81CD-A771-4B9D-B911-0856788BBE93}"
EndProject
Project("{9A19103F-16F7-4668-BE54-9A1E7A4F7556}") = "StmStartBibl", "StmStartBibl\StmStartBibl.csproj", "{0DEBA040-B7B4-4FC9-B313-9BD8137F7D30}"
EndProject
Global
	GlobalSection(SolutionConfigurationPlatforms) = preSolution
		Debug|Any CPU = Debug|Any CPU
		Release|Any CPU = Release|Any CPU
	EndGlobalSection
	GlobalSection(ProjectConfigurationPlatforms) = postSolution
		{CD9E81CD-A771-4B9D-B911-0856788BBE93}.Debug|Any CPU.ActiveCfg = Debug|Any CPU
		{CD9E81CD-A771-4B9D-B911-0856788BBE93}.Debug|Any CPU.Build.0 = Debug|Any CPU
		{CD9E81CD-A771-4B9D-B911-0856788BBE93}.Release|Any CPU.ActiveCfg = Release|Any CPU
		{CD9E81CD-A771-4B9D-B911-0856788BBE93}.Release|Any CPU.Build.0 = Release|Any CPU
		{0DEBA040-B7B4-4FC9-B313-9BD8137F7D30}.Debug|Any CPU.ActiveCfg = Debug|Any CPU
		{0DEBA040-B7B4-4FC9-B313-9BD8137F7D30}.Debug|Any CPU.Build.0 = Debug|Any CPU
		{0DEBA040-B7B4-4FC9-B313-9BD8137F7D30}.Release|Any CPU.ActiveCfg = Release|Any CPU
		{0DEBA040-B7B4-4FC9-B313-9BD8137F7D30}.Release|Any CPU.Build.0 = Release|Any CPU
	EndGlobalSection
	GlobalSection(SolutionProperties) = preSolution
		HideSolutionNode = FALSE
	EndGlobalSection
	GlobalSection(ExtensibilityGlobals) = postSolution
		SolutionGuid = {4009EA70-4924-4F28-BE86-54C539A39989}
	EndGlobalSection
EndGlobal
